
Microsoft Visual Studio Solution File, Format Version 12.00
# Visual Studio Version 17
VisualStudioVersion = 17.9.34902.65
MinimumVisualStudioVersion = 10.0.40219.1
Project("{8BC9CEB8-8B4A-11D0-8D11-00A0C91BC942}") = "VirtualPainter", "VirtualPainter.vcxproj", "{1ADD8E54-AFB1-4DE4-B70B-CB3CB9CBCD79}"
EndProject
Project("{2150E333-8FDC-42A3-9474-1A3956D46DE8}") = "Resources", "Resources", "{B76D6A37-E52E-4F38-9BE2-3EF48708923E}"
EndProject
Global
	GlobalSection(SolutionConfigurationPlatforms) = preSolution
		Debug|x64 = Debug|x64
		Debug|x86 = Debug|x86
		Release|x64 = Release|x64
		Release|x86 = Release|x86
	EndGlobalSection
	GlobalSection(ProjectConfigurationPlatforms) = postSolution
		{1ADD8E54-AFB1-4DE4-B70B-CB3CB9CBCD79}.Debug|x64.ActiveCfg = Debug|x64
		{1ADD8E54-AFB1-4DE4-B70B-CB3CB9CBCD79}.Debug|x64.Build.0 = Debug|x64
		{1ADD8E54-AFB1-4DE4-B70B-CB3CB9CBCD79}.Debug|x86.ActiveCfg = Debug|Win32
		{1ADD8E54-AFB1-4DE4-B70B-CB3CB9CBCD79}.Debug|x86.Build.0 = Debug|Win32
		{1ADD8E54-AFB1-4DE4-B70B-CB3CB9CBCD79}.Release|x64.ActiveCfg = Release|x64
		{1ADD8E54-AFB1-4DE4-B70B-CB3CB9CBCD79}.Release|x64.Build.0 = Release|x64
		{1ADD8E54-AFB1-4DE4-B70B-CB3CB9CBCD79}.Release|x86.ActiveCfg = Release|Win32
		{1ADD8E54-AFB1-4DE4-B70B-CB3CB9CBCD79}.Release|x86.Build.0 = Release|Win32
	EndGlobalSection
	GlobalSection(SolutionProperties) = preSolution
		HideSolutionNode = FALSE
	EndGlobalSection
	GlobalSection(ExtensibilityGlobals) = postSolution
		SolutionGuid = {42F919F3-C1FA-4B74-AF0C-32FE6B773313}
	EndGlobalSection
EndGlobal
